// !$*UTF8*$!
{
	archiveVersion = 1;
	classes = {
	};
	objectVersion = 48;
	objects = {

/* Begin PBXBuildFile section */
		F6246A9D1EEC281400A9EE20 /* AppDelegate.swift in Sources */ = {isa = PBXBuildFile; fileRef = F6246A9C1EEC281400A9EE20 /* AppDelegate.swift */; };
		F6246A9F1EEC281400A9EE20 /* art.scnassets in Resources */ = {isa = PBXBuildFile; fileRef = F6246A9E1EEC281400A9EE20 /* art.scnassets */; };
		F6246AA11EEC281400A9EE20 /* ViewController.swift in Sources */ = {isa = PBXBuildFile; fileRef = F6246AA01EEC281400A9EE20 /* ViewController.swift */; };
		F6246AA41EEC281400A9EE20 /* Main.storyboard in Resources */ = {isa = PBXBuildFile; fileRef = F6246AA21EEC281400A9EE20 /* Main.storyboard */; };
		F6246AA61EEC281400A9EE20 /* Assets.xcassets in Resources */ = {isa = PBXBuildFile; fileRef = F6246AA51EEC281400A9EE20 /* Assets.xcassets */; };
		F6246AA91EEC281400A9EE20 /* LaunchScreen.storyboard in Resources */ = {isa = PBXBuildFile; fileRef = F6246AA71EEC281400A9EE20 /* LaunchScreen.storyboard */; };
/* End PBXBuildFile section */

/* Begin PBXFileReference section */
		F6246A991EEC281400A9EE20 /* ARDemo1.app */ = {isa = PBXFileReference; explicitFileType = wrapper.application; includeInIndex = 0; path = ARDemo1.app; sourceTree = BUILT_PRODUCTS_DIR; };
		F6246A9C1EEC281400A9EE20 /* AppDelegate.swift */ = {isa = PBXFileReference; lastKnownFileType = sourcecode.swift; path = AppDelegate.swift; sourceTree = "<group>"; };
		F6246A9E1EEC281400A9EE20 /* art.scnassets */ = {isa = PBXFileReference; lastKnownFileType = wrapper.scnassets; path = art.scnassets; sourceTree = "<group>"; };
		F6246AA01EEC281400A9EE20 /* ViewController.swift */ = {isa = PBXFileReference; lastKnownFileType = sourcecode.swift; path = ViewController.swift; sourceTree = "<group>"; };
		F6246AA31EEC281400A9EE20 /* Base */ = {isa = PBXFileReference; lastKnownFileType = file.storyboard; name = Base; path = Base.lproj/Main.storyboard; sourceTree = "<group>"; };
		F6246AA51EEC281400A9EE20 /* Assets.xcassets */ = {isa = PBXFileReference; lastKnownFileType = folder.assetcatalog; path = Assets.xcassets; sourceTree = "<group>"; };
		F6246AA81EEC281400A9EE20 /* Base */ = {isa = PBXFileReference; lastKnownFileType = file.storyboard; name = Base; path = Base.lproj/LaunchScreen.storyboard; sourceTree = "<group>"; };
		F6246AAA1EEC281400A9EE20 /* Info.plist */ = {isa = PBXFileReference; lastKnownFileType = text.plist.xml; path = Info.plist; sourceTree = "<group>"; };
/* End PBXFileReference section */

/* Begin PBXFrameworksBuildPhase section */
		F6246A961EEC281400A9EE20 /* Frameworks */ = {
			isa = PBXFrameworksBuildPhase;
			buildActionMask = 2147483647;
			files = (
			);
			runOnlyForDeploymentPostprocessing = 0;
		};
/* End PBXFrameworksBuildPhase section */

/* Begin PBXGroup section */
		F6246A901EEC281400A9EE20 = {
			isa = PBXGroup;
			children = (
				F6246A9B1EEC281400A9EE20 /* ARDemo1 */,
				F6246A9A1EEC281400A9EE20 /* Products */,
			);
			sourceTree = "<group>";
		};
		F6246A9A1EEC281400A9EE20 /* Products */ = {
			isa = PBXGroup;
			children = (
				F6246A991EEC281400A9EE20 /* ARDemo1.app */,
			);
			name = Products;
			sourceTree = "<group>";
		};
		F6246A9B1EEC281400A9EE20 /* ARDemo1 */ = {
			isa = PBXGroup;
			children = (
				F6246A9C1EEC281400A9EE20 /* AppDelegate.swift */,
				F6246A9E1EEC281400A9EE20 /* art.scnassets */,
				F6246AA01EEC281400A9EE20 /* ViewController.swift */,
				F6246AA21EEC281400A9EE20 /* Main.storyboard */,
				F6246AA51EEC281400A9EE20 /* Assets.xcassets */,
				F6246AA71EEC281400A9EE20 /* LaunchScreen.storyboard */,
				F6246AAA1EEC281400A9EE20 /* Info.plist */,
			);
			path = ARDemo1;
			sourceTree = "<group>";
		};
/* End PBXGroup section */

/* Begin PBXNativeTarget section */
		F6246A981EEC281400A9EE20 /* ARDemo1 */ = {
			isa = PBXNativeTarget;
			buildConfigurationList = F6246AAD1EEC281400A9EE20 /* Build configuration list for PBXNativeTarget "ARDemo1" */;
			buildPhases = (
				F6246A951EEC281400A9EE20 /* Sources */,
				F6246A961EEC281400A9EE20 /* Frameworks */,
				F6246A971EEC281400A9EE20 /* Resources */,
			);
			buildRules = (
			);
			dependencies = (
			);
			name = ARDemo1;
			productName = ARDemo1;
			productReference = F6246A991EEC281400A9EE20 /* ARDemo1.app */;
			productType = "com.apple.product-type.application";
		};
/* End PBXNativeTarget section */

/* Begin PBXProject section */
		F6246A911EEC281400A9EE20 /* Project object */ = {
			isa = PBXProject;
			attributes = {
				LastSwiftUpdateCheck = 0900;
				LastUpgradeCheck = 0900;
				ORGANIZATIONNAME = "薛飞龙";
				TargetAttributes = {
					F6246A981EEC281400A9EE20 = {
						CreatedOnToolsVersion = 9.0;
					};
				};
			};
			buildConfigurationList = F6246A941EEC281400A9EE20 /* Build configuration list for PBXProject "ARDemo1" */;
			compatibilityVersion = "Xcode 8.0";
			developmentRegion = en;
			hasScannedForEncodings = 0;
			knownRegions = (
				en,
				Base,
			);
			mainGroup = F6246A901EEC281400A9EE20;
			productRefGroup = F6246A9A1EEC281400A9EE20 /* Products */;
			projectDirPath = "";
			projectRoot = "";
			targets = (
				F6246A981EEC281400A9EE20 /* ARDemo1 */,
			);
		};
/* End PBXProject section */

/* Begin PBXResourcesBuildPhase section */
		F6246A971EEC281400A9EE20 /* Resources */ = {
			isa = PBXResourcesBuildPhase;
			buildActionMask = 2147483647;
			files = (
				F6246A9F1EEC281400A9EE20 /* art.scnassets in Resources */,
				F6246AA91EEC281400A9EE20 /* LaunchScreen.storyboard in Resources */,
				F6246AA61EEC281400A9EE20 /* Assets.xcassets in Resources */,
				F6246AA41EEC281400A9EE20 /* Main.storyboard in Resources */,
			);
			runOnlyForDeploymentPostprocessing = 0;
		};
/* End PBXResourcesBuildPhase section */

/* Begin PBXSourcesBuildPhase section */
		F6246A951EEC281400A9EE20 /* Sources */ = {
			isa = PBXSourcesBuildPhase;
			buildActionMask = 2147483647;
			files = (
				F6246AA11EEC281400A9EE20 /* ViewController.swift in Sources */,
				F6246A9D1EEC281400A9EE20 /* AppDelegate.swift in Sources */,
			);
			runOnlyForDeploymentPostprocessing = 0;
		};
/* End PBXSourcesBuildPhase section */

/* Begin PBXVariantGroup section */
		F6246AA21EEC281400A9EE20 /* Main.storyboard */ = {
			isa = PBXVariantGroup;
			children = (
				F6246AA31EEC281400A9EE20 /* Base */,
			);
			name = Main.storyboard;
			sourceTree = "<group>";
		};
		F6246AA71EEC281400A9EE20 /* LaunchScreen.storyboard */ = {
			isa = PBXVariantGroup;
			children = (
				F6246AA81EEC281400A9EE20 /* Base */,
			);
			name = LaunchScreen.storyboard;
			sourceTree = "<group>";
		};
/* End PBXVariantGroup section */

/* Begin XCBuildConfiguration section */
		F6246AAB1EEC281400A9EE20 /* Debug */ = {
			isa = XCBuildConfiguration;
			buildSettings = {
				ALWAYS_SEARCH_USER_PATHS = NO;
				CLANG_ANALYZER_NONNULL = YES;
				CLANG_ANALYZER_NUMBER_OBJECT_CONVERSION = YES_AGGRESSIVE;
				CLANG_CXX_LANGUAGE_STANDARD = "gnu++14";
				CLANG_CXX_LIBRARY = "libc++";
				CLANG_ENABLE_MODULES = YES;
				CLANG_ENABLE_OBJC_ARC = YES;
				CLANG_WARN_BLOCK_CAPTURE_AUTORELEASING = YES;
				CLANG_WARN_BOOL_CONVERSION = YES;
				CLANG_WARN_COMMA = YES;
				CLANG_WARN_CONSTANT_CONVERSION = YES;
				CLANG_WARN_DIRECT_OBJC_ISA_USAGE = YES_ERROR;
				CLANG_WARN_DOCUMENTATION_COMMENTS = YES;
				CLANG_WARN_EMPTY_BODY = YES;
				CLANG_WARN_ENUM_CONVERSION = YES;
				CLANG_WARN_INFINITE_RECURSION = YES;
				CLANG_WARN_INT_CONVERSION = YES;
				CLANG_WARN_OBJC_ROOT_CLASS = YES_ERROR;
				CLANG_WARN_RANGE_LOOP_ANALYSIS = YES;
				CLANG_WARN_STRICT_PROTOTYPES = YES;
				CLANG_WARN_SUSPICIOUS_MOVE = YES;
				CLANG_WARN_UNGUARDED_AVAILABILITY = YES_AGGRESSIVE;
				CLANG_WARN_UNREACHABLE_CODE = YES;
				CLANG_WARN__DUPLICATE_METHOD_MATCH = YES;
				CODE_SIGN_IDENTITY = "iPhone Developer";
				COPY_PHASE_STRIP = NO;
				DEBUG_INFORMATION_FORMAT = dwarf;
				ENABLE_STRICT_OBJC_MSGSEND = YES;
				ENABLE_TESTABILITY = YES;
				GCC_C_LANGUAGE_STANDARD = gnu11;
				GCC_DYNAMIC_NO_PIC = NO;
				GCC_NO_COMMON_BLOCKS = YES;
				GCC_OPTIMIZATION_LEVEL = 0;
				GCC_PREPROCESSOR_DEFINITIONS = (
					"DEBUG=1",
					"$(inherited)",
				);
				GCC_WARN_64_TO_32_BIT_CONVERSION = YES;
				GCC_WARN_ABOUT_RETURN_TYPE = YES_ERROR;
				GCC_WARN_UNDECLARED_SELECTOR = YES;
				GCC_WARN_UNINITIALIZED_AUTOS = YES_AGGRESSIVE;
				GCC_WARN_UNUSED_FUNCTION = YES;
				GCC_WARN_UNUSED_VARIABLE = YES;
				IPHONEOS_DEPLOYMENT_TARGET = 11.0;
				MTL_ENABLE_DEBUG_INFO = YES;
				ONLY_ACTIVE_ARCH = YES;
				SDKROOT = iphoneos;
				SWIFT_ACTIVE_COMPILATION_CONDITIONS = DEBUG;
				SWIFT_OPTIMIZATION_LEVEL = "-Onone";
			};
			name = Debug;
		};
		F6246AAC1EEC281400A9EE20 /* Release */ = {
			isa = XCBuildConfiguration;
			buildSettings = {
				ALWAYS_SEARCH_USER_PATHS = NO;
				CLANG_ANALYZER_NONNULL = YES;
				CLANG_ANALYZER_NUMBER_OBJECT_CONVERSION = YES_AGGRESSIVE;
				CLANG_CXX_LANGUAGE_STANDARD = "gnu++14";
				CLANG_CXX_LIBRARY = "libc++";
				CLANG_ENABLE_MODULES = YES;
				CLANG_ENABLE_OBJC_ARC = YES;
				CLANG_WARN_BLOCK_CAPTURE_AUTORELEASING = YES;
				CLANG_WARN_BOOL_CONVERSION = YES;
				CLANG_WARN_COMMA = YES;
				CLANG_WARN_CONSTANT_CONVERSION = YES;
				CLANG_WARN_DIRECT_OBJC_ISA_USAGE = YES_ERROR;
				CLANG_WARN_DOCUMENTATION_COMMENTS = YES;
				CLANG_WARN_EMPTY_BODY = YES;
				CLANG_WARN_ENUM_CONVERSION = YES;
				CLANG_WARN_INFINITE_RECURSION = YES;
				CLANG_WARN_INT_CONVERSION = YES;
				CLANG_WARN_OBJC_ROOT_CLASS = YES_ERROR;
				CLANG_WARN_RANGE_LOOP_ANALYSIS = YES;
				CLANG_WARN_STRICT_PROTOTYPES = YES;
				CLANG_WARN_SUSPICIOUS_MOVE = YES;
				CLANG_WARN_UNGUARDED_AVAILABILITY = YES_AGGRESSIVE;
				CLANG_WARN_UNREACHABLE_CODE = YES;
				CLANG_WARN__DUPLICATE_METHOD_MATCH = YES;
				CODE_SIGN_IDENTITY = "iPhone Developer";
				COPY_PHASE_STRIP = NO;
				DEBUG_INFORMATION_FORMAT = "dwarf-with-dsym";
				ENABLE_NS_ASSERTIONS = NO;
				ENABLE_STRICT_OBJC_MSGSEND = YES;
				GCC_C_LANGUAGE_STANDARD = gnu11;
				GCC_NO_COMMON_BLOCKS = YES;
				GCC_WARN_64_TO_32_BIT_CONVERSION = YES;
				GCC_WARN_ABOUT_RETURN_TYPE = YES_ERROR;
				GCC_WARN_UNDECLARED_SELECTOR = YES;
				GCC_WARN_UNINITIALIZED_AUTOS = YES_AGGRESSIVE;
				GCC_WARN_UNUSED_FUNCTION = YES;
				GCC_WARN_UNUSED_VARIABLE = YES;
				IPHONEOS_DEPLOYMENT_TARGET = 11.0;
				MTL_ENABLE_DEBUG_INFO = NO;
				SDKROOT = iphoneos;
				SWIFT_OPTIMIZATION_LEVEL = "-Owholemodule";
				VALIDATE_PRODUCT = YES;
			};
			name = Release;
		};
		F6246AAE1EEC281400A9EE20 /* Debug */ = {
			isa = XCBuildConfiguration;
			buildSettings = {
				ASSETCATALOG_COMPILER_APPICON_NAME = AppIcon;
				DEVELOPMENT_TEAM = YB4KA4K5E5;
				INFOPLIST_FILE = ARDemo1/Info.plist;
				LD_RUNPATH_SEARCH_PATHS = "$(inherited) @executable_path/Frameworks";
				PRODUCT_BUNDLE_IDENTIFIER = com.ABS.FitBox.ARDemo1;
				PRODUCT_NAME = "$(TARGET_NAME)";
				SWIFT_VERSION = 4.0;
				TARGETED_DEVICE_FAMILY = "1,2";
			};
			name = Debug;
		};
		F6246AAF1EEC281400A9EE20 /* Release */ = {
			isa = XCBuildConfiguration;
			buildSettings = {
				ASSETCATALOG_COMPILER_APPICON_NAME = AppIcon;
				DEVELOPMENT_TEAM = YB4KA4K5E5;
				INFOPLIST_FILE = ARDemo1/Info.plist;
				LD_RUNPATH_SEARCH_PATHS = "$(inherited) @executable_path/Frameworks";
				PRODUCT_BUNDLE_IDENTIFIER = com.ABS.FitBox.ARDemo1;
				PRODUCT_NAME = "$(TARGET_NAME)";
				SWIFT_VERSION = 4.0;
				TARGETED_DEVICE_FAMILY = "1,2";
			};
			name = Release;
		};
/* End XCBuildConfiguration section */

/* Begin XCConfigurationList section */
		F6246A941EEC281400A9EE20 /* Build configuration list for PBXProject "ARDemo1" */ = {
			isa = XCConfigurationList;
			buildConfigurations = (
				F6246AAB1EEC281400A9EE20 /* Debug */,
				F6246AAC1EEC281400A9EE20 /* Release */,
			);
			defaultConfigurationIsVisible = 0;
			defaultConfigurationName = Release;
		};
		F6246AAD1EEC281400A9EE20 /* Build configuration list for PBXNativeTarget "ARDemo1" */ = {
			isa = XCConfigurationList;
			buildConfigurations = (
				F6246AAE1EEC281400A9EE20 /* Debug */,
				F6246AAF1EEC281400A9EE20 /* Release */,
			);
			defaultConfigurationIsVisible = 0;
		};
/* End XCConfigurationList section */
	};
	rootObject = F6246A911EEC281400A9EE20 /* Project object */;
}
